// !$*UTF8*$!
{
	archiveVersion = 1;
	classes = {
	};
	objectVersion = 56;
	objects = {

/* Begin PBXBuildFile section */
		A001 /* main.swift in Sources */ = {isa = PBXBuildFile; fileRef = F001 /* main.swift */; };
		A002 /* AppDelegate.swift in Sources */ = {isa = PBXBuildFile; fileRef = F002 /* AppDelegate.swift */; };
		A003 /* AppSettings.swift in Sources */ = {isa = PBXBuildFile; fileRef = F003 /* AppSettings.swift */; };
		A004 /* PermissionManager.swift in Sources */ = {isa = PBXBuildFile; fileRef = F004 /* PermissionManager.swift */; };
		A005 /* GeminiProtocol.swift in Sources */ = {isa = PBXBuildFile; fileRef = F005 /* GeminiProtocol.swift */; };
		A006 /* GeminiLiveService.swift in Sources */ = {isa = PBXBuildFile; fileRef = F006 /* GeminiLiveService.swift */; };
		A007 /* AudioCaptureEngine.swift in Sources */ = {isa = PBXBuildFile; fileRef = F007 /* AudioCaptureEngine.swift */; };
		A008 /* TextInjector.swift in Sources */ = {isa = PBXBuildFile; fileRef = F008 /* TextInjector.swift */; };
		A009 /* GlobalHotKeyMonitor.swift in Sources */ = {isa = PBXBuildFile; fileRef = F009 /* GlobalHotKeyMonitor.swift */; };
		A010 /* OverlayWindow.swift in Sources */ = {isa = PBXBuildFile; fileRef = F010 /* OverlayWindow.swift */; };
		A011 /* OverlayView.swift in Sources */ = {isa = PBXBuildFile; fileRef = F011 /* OverlayView.swift */; };
		A012 /* SettingsView.swift in Sources */ = {isa = PBXBuildFile; fileRef = F012 /* SettingsView.swift */; };
		A013 /* MenuBarController.swift in Sources */ = {isa = PBXBuildFile; fileRef = F013 /* MenuBarController.swift */; };
		A014 /* GeminiSessionCoordinator.swift in Sources */ = {isa = PBXBuildFile; fileRef = F014 /* GeminiSessionCoordinator.swift */; };
/* End PBXBuildFile section */

/* Begin PBXFileReference section */
		F001 /* main.swift */ = {isa = PBXFileReference; lastKnownFileType = sourcecode.swift; path = main.swift; sourceTree = "<group>"; };
		F002 /* AppDelegate.swift */ = {isa = PBXFileReference; lastKnownFileType = sourcecode.swift; path = AppDelegate.swift; sourceTree = "<group>"; };
		F003 /* AppSettings.swift */ = {isa = PBXFileReference; lastKnownFileType = sourcecode.swift; path = AppSettings.swift; sourceTree = "<group>"; };
		F004 /* PermissionManager.swift */ = {isa = PBXFileReference; lastKnownFileType = sourcecode.swift; path = PermissionManager.swift; sourceTree = "<group>"; };
		F005 /* GeminiProtocol.swift */ = {isa = PBXFileReference; lastKnownFileType = sourcecode.swift; path = GeminiProtocol.swift; sourceTree = "<group>"; };
		F006 /* GeminiLiveService.swift */ = {isa = PBXFileReference; lastKnownFileType = sourcecode.swift; path = GeminiLiveService.swift; sourceTree = "<group>"; };
		F007 /* AudioCaptureEngine.swift */ = {isa = PBXFileReference; lastKnownFileType = sourcecode.swift; path = AudioCaptureEngine.swift; sourceTree = "<group>"; };
		F008 /* TextInjector.swift */ = {isa = PBXFileReference; lastKnownFileType = sourcecode.swift; path = TextInjector.swift; sourceTree = "<group>"; };
		F009 /* GlobalHotKeyMonitor.swift */ = {isa = PBXFileReference; lastKnownFileType = sourcecode.swift; path = GlobalHotKeyMonitor.swift; sourceTree = "<group>"; };
		F010 /* OverlayWindow.swift */ = {isa = PBXFileReference; lastKnownFileType = sourcecode.swift; path = OverlayWindow.swift; sourceTree = "<group>"; };
		F011 /* OverlayView.swift */ = {isa = PBXFileReference; lastKnownFileType = sourcecode.swift; path = OverlayView.swift; sourceTree = "<group>"; };
		F012 /* SettingsView.swift */ = {isa = PBXFileReference; lastKnownFileType = sourcecode.swift; path = SettingsView.swift; sourceTree = "<group>"; };
		F013 /* MenuBarController.swift */ = {isa = PBXFileReference; lastKnownFileType = sourcecode.swift; path = MenuBarController.swift; sourceTree = "<group>"; };
		F014 /* GeminiSessionCoordinator.swift */ = {isa = PBXFileReference; lastKnownFileType = sourcecode.swift; path = GeminiSessionCoordinator.swift; sourceTree = "<group>"; };
		FAPP /* Frespr.app */ = {isa = PBXFileReference; explicitFileType = wrapper.application; includeInIndex = 0; path = Frespr.app; sourceTree = BUILT_PRODUCTS_DIR; };
		FENTITLEMENTS /* Frespr.entitlements */ = {isa = PBXFileReference; lastKnownFileType = text.plist.entitlements; path = Frespr.entitlements; sourceTree = "<group>"; };
		FPLIST /* Info.plist */ = {isa = PBXFileReference; lastKnownFileType = text.plist.xml; path = Info.plist; sourceTree = "<group>"; };
/* End PBXFileReference section */

/* Begin PBXFrameworksBuildPhase section */
		BPFWK /* Frameworks */ = {
			isa = PBXFrameworksBuildPhase;
			buildActionMask = 2147483647;
			files = (
			);
			runOnlyForDeploymentPostprocessing = 0;
		};
/* End PBXFrameworksBuildPhase section */

/* Begin PBXGroup section */
		GROOT /* / */ = {
			isa = PBXGroup;
			children = (
				GFRESPR /* Frespr */,
				GPRODUCTS /* Products */,
			);
			sourceTree = "<group>";
		};
		GPRODUCTS /* Products */ = {
			isa = PBXGroup;
			children = (
				FAPP /* Frespr.app */,
			);
			name = Products;
			sourceTree = "<group>";
		};
		GFRESPR /* Frespr */ = {
			isa = PBXGroup;
			children = (
				FPLIST /* Info.plist */,
				FENTITLEMENTS /* Frespr.entitlements */,
				GAPP /* App */,
				GMENUBAR /* MenuBar */,
				GAUDIO /* Audio */,
				GGEMINI /* Gemini */,
				GCOORD /* Coordinator */,
				GTEXTINJ /* TextInjection */,
				GHOTKEY /* HotKey */,
				GUI /* UI */,
				GPERMS /* Permissions */,
				GSTORAGE /* Storage */,
			);
			path = Frespr;
			sourceTree = "<group>";
		};
		GAPP /* App */ = {
			isa = PBXGroup;
			children = (
				F001 /* main.swift */,
				F002 /* AppDelegate.swift */,
			);
			path = App;
			sourceTree = "<group>";
		};
		GMENUBAR /* MenuBar */ = {
			isa = PBXGroup;
			children = (
				F013 /* MenuBarController.swift */,
			);
			path = MenuBar;
			sourceTree = "<group>";
		};
		GAUDIO /* Audio */ = {
			isa = PBXGroup;
			children = (
				F007 /* AudioCaptureEngine.swift */,
			);
			path = Audio;
			sourceTree = "<group>";
		};
		GGEMINI /* Gemini */ = {
			isa = PBXGroup;
			children = (
				F005 /* GeminiProtocol.swift */,
				F006 /* GeminiLiveService.swift */,
			);
			path = Gemini;
			sourceTree = "<group>";
		};
		GCOORD /* Coordinator */ = {
			isa = PBXGroup;
			children = (
				F014 /* GeminiSessionCoordinator.swift */,
			);
			path = Coordinator;
			sourceTree = "<group>";
		};
		GTEXTINJ /* TextInjection */ = {
			isa = PBXGroup;
			children = (
				F008 /* TextInjector.swift */,
			);
			path = TextInjection;
			sourceTree = "<group>";
		};
		GHOTKEY /* HotKey */ = {
			isa = PBXGroup;
			children = (
				F009 /* GlobalHotKeyMonitor.swift */,
			);
			path = HotKey;
			sourceTree = "<group>";
		};
		GUI /* UI */ = {
			isa = PBXGroup;
			children = (
				F010 /* OverlayWindow.swift */,
				F011 /* OverlayView.swift */,
				F012 /* SettingsView.swift */,
			);
			path = UI;
			sourceTree = "<group>";
		};
		GPERMS /* Permissions */ = {
			isa = PBXGroup;
			children = (
				F004 /* PermissionManager.swift */,
			);
			path = Permissions;
			sourceTree = "<group>";
		};
		GSTORAGE /* Storage */ = {
			isa = PBXGroup;
			children = (
				F003 /* AppSettings.swift */,
			);
			path = Storage;
			sourceTree = "<group>";
		};
/* End PBXGroup section */

/* Begin PBXNativeTarget section */
		BTARGET /* Frespr */ = {
			isa = PBXNativeTarget;
			buildConfigurationList = BCLLIST /* Build configuration list for PBXNativeTarget "Frespr" */;
			buildPhases = (
				BPSOURCES /* Sources */,
				BPFWK /* Frameworks */,
				BPRESOURCES /* Resources */,
			);
			buildRules = (
			);
			dependencies = (
			);
			name = Frespr;
			productName = Frespr;
			productReference = FAPP /* Frespr.app */;
			productType = "com.apple.product-type.application";
		};
/* End PBXNativeTarget section */

/* Begin PBXProject section */
		BPROJECT /* Project object */ = {
			isa = PBXProject;
			attributes = {
				BuildIndependentTargetsInParallel = 1;
				LastSwiftUpdateCheck = 1500;
				LastUpgradeCheck = 1500;
				TargetAttributes = {
					BTARGET = {
						CreatedOnToolsVersion = 15.0;
					};
				};
			};
			buildConfigurationList = BCLLISTPROJ /* Build configuration list for PBXProject "Frespr" */;
			compatibilityVersion = "Xcode 14.0";
			developmentRegion = en;
			hasScannedForEncodings = 0;
			knownRegions = (
				en,
				Base,
			);
			mainGroup = GROOT;
			productRefGroup = GPRODUCTS /* Products */;
			projectDirPath = "";
			projectRoot = "";
			targets = (
				BTARGET /* Frespr */,
			);
		};
/* End PBXProject section */

/* Begin PBXResourcesBuildPhase section */
		BPRESOURCES /* Resources */ = {
			isa = PBXResourcesBuildPhase;
			buildActionMask = 2147483647;
			files = (
			);
			runOnlyForDeploymentPostprocessing = 0;
		};
/* End PBXResourcesBuildPhase section */

/* Begin PBXSourcesBuildPhase section */
		BPSOURCES /* Sources */ = {
			isa = PBXSourcesBuildPhase;
			buildActionMask = 2147483647;
			files = (
				A001 /* main.swift in Sources */,
				A002 /* AppDelegate.swift in Sources */,
				A003 /* AppSettings.swift in Sources */,
				A004 /* PermissionManager.swift in Sources */,
				A005 /* GeminiProtocol.swift in Sources */,
				A006 /* GeminiLiveService.swift in Sources */,
				A007 /* AudioCaptureEngine.swift in Sources */,
				A008 /* TextInjector.swift in Sources */,
				A009 /* GlobalHotKeyMonitor.swift in Sources */,
				A010 /* OverlayWindow.swift in Sources */,
				A011 /* OverlayView.swift in Sources */,
				A012 /* SettingsView.swift in Sources */,
				A013 /* MenuBarController.swift in Sources */,
				A014 /* GeminiSessionCoordinator.swift in Sources */,
			);
			runOnlyForDeploymentPostprocessing = 0;
		};
/* End PBXSourcesBuildPhase section */

/* Begin XCBuildConfiguration section */
		BCDEBUGPROJ /* Debug */ = {
			isa = XCBuildConfiguration;
			buildSettings = {
				ALWAYS_SEARCH_USER_PATHS = NO;
				ASSETCATALOG_COMPILER_GENERATE_SWIFT_ASSET_SYMBOL_EXTENSIONS = YES;
				CLANG_ANALYZER_NONNULL = YES;
				CLANG_ANALYZER_NUMBER_OBJECT_CONVERSION = YES_AGGRESSIVE;
				CLANG_CXX_LANGUAGE_STANDARD = "gnu++20";
				CLANG_ENABLE_MODULES = YES;
				CLANG_ENABLE_OBJC_ARC = YES;
				CLANG_ENABLE_OBJC_WEAK = YES;
				CLANG_WARN_BLOCK_CAPTURE_AUTORELEASING = YES;
				CLANG_WARN_BOOL_CONVERSION = YES;
				CLANG_WARN_COMMA = YES;
				CLANG_WARN_CONSTANT_CONVERSION = YES;
				CLANG_WARN_DEPRECATED_OBJC_IMPLEMENTATIONS = YES;
				CLANG_WARN_DIRECT_OBJC_ISA_USAGE = YES_ERROR;
				CLANG_WARN_DOCUMENTATION_COMMENTS = YES;
				CLANG_WARN_EMPTY_BODY = YES;
				CLANG_WARN_ENUM_CONVERSION = YES;
				CLANG_WARN_INFINITE_RECURSION = YES;
				CLANG_WARN_INT_CONVERSION = YES;
				CLANG_WARN_NON_LITERAL_NULL_CONVERSION = YES;
				CLANG_WARN_OBJC_IMPLICIT_RETAIN_SELF = YES;
				CLANG_WARN_OBJC_LITERAL_CONVERSION = YES;
				CLANG_WARN_OBJC_ROOT_CLASS = YES_ERROR;
				CLANG_WARN_QUOTED_INCLUDE_IN_FRAMEWORK_HEADER = YES;
				CLANG_WARN_RANGE_LOOP_ANALYSIS = YES;
				CLANG_WARN_STRICT_PROTOTYPES = YES;
				CLANG_WARN_SUSPICIOUS_MOVE = YES;
				CLANG_WARN_UNGUARDED_AVAILABILITY = YES_AGGRESSIVE;
				CLANG_WARN_UNREACHABLE_CODE = YES;
				CLANG_WARN__DUPLICATE_METHOD_MATCH = YES;
				COPY_PHASE_STRIP = NO;
				DEBUG_INFORMATION_FORMAT = dwarf;
				ENABLE_STRICT_OBJC_MSGSEND = YES;
				ENABLE_TESTABILITY = YES;
				ENABLE_USER_SCRIPT_SANDBOXING = YES;
				GCC_C_LANGUAGE_STANDARD = gnu17;
				GCC_DYNAMIC_NO_PIC = NO;
				GCC_NO_COMMON_BLOCKS = YES;
				GCC_OPTIMIZATION_LEVEL = 0;
				GCC_PREPROCESSOR_DEFINITIONS = (
					"DEBUG=1",
					"$(inherited)",
				);
				GCC_WARN_64_TO_32_BIT_CONVERSION = YES;
				GCC_WARN_ABOUT_RETURN_TYPE = YES_ERROR;
				GCC_WARN_UNDECLARED_SELECTOR = YES;
				GCC_WARN_UNINITIALIZED_AUTOS = YES_AGGRESSIVE;
				GCC_WARN_UNUSED_FUNCTION = YES;
				GCC_WARN_UNUSED_VARIABLE = YES;
				LOCALIZATION_PREFERS_STRING_CATALOGS = YES;
				MACOSX_DEPLOYMENT_TARGET = 14.0;
				MTL_ENABLE_DEBUG_INFO = INCLUDE_SOURCE;
				MTL_FAST_MATH = YES;
				ONLY_ACTIVE_ARCH = YES;
				SDKROOT = macosx;
				SWIFT_ACTIVE_COMPILATION_CONDITIONS = "DEBUG $(inherited)";
				SWIFT_OPTIMIZATION_LEVEL = "-Onone";
			};
			name = Debug;
		};
		BCRELEASEPROJ /* Release */ = {
			isa = XCBuildConfiguration;
			buildSettings = {
				ALWAYS_SEARCH_USER_PATHS = NO;
				ASSETCATALOG_COMPILER_GENERATE_SWIFT_ASSET_SYMBOL_EXTENSIONS = YES;
				CLANG_ANALYZER_NONNULL = YES;
				CLANG_ANALYZER_NUMBER_OBJECT_CONVERSION = YES_AGGRESSIVE;
				CLANG_CXX_LANGUAGE_STANDARD = "gnu++20";
				CLANG_ENABLE_MODULES = YES;
				CLANG_ENABLE_OBJC_ARC = YES;
				CLANG_ENABLE_OBJC_WEAK = YES;
				CLANG_WARN_BLOCK_CAPTURE_AUTORELEASING = YES;
				CLANG_WARN_BOOL_CONVERSION = YES;
				CLANG_WARN_COMMA = YES;
				CLANG_WARN_CONSTANT_CONVERSION = YES;
				CLANG_WARN_DEPRECATED_OBJC_IMPLEMENTATIONS = YES;
				CLANG_WARN_DIRECT_OBJC_ISA_USAGE = YES_ERROR;
				CLANG_WARN_DOCUMENTATION_COMMENTS = YES;
				CLANG_WARN_EMPTY_BODY = YES;
				CLANG_WARN_ENUM_CONVERSION = YES;
				CLANG_WARN_INFINITE_RECURSION = YES;
				CLANG_WARN_INT_CONVERSION = YES;
				CLANG_WARN_NON_LITERAL_NULL_CONVERSION = YES;
				CLANG_WARN_OBJC_IMPLICIT_RETAIN_SELF = YES;
				CLANG_WARN_OBJC_LITERAL_CONVERSION = YES;
				CLANG_WARN_OBJC_ROOT_CLASS = YES_ERROR;
				CLANG_WARN_QUOTED_INCLUDE_IN_FRAMEWORK_HEADER = YES;
				CLANG_WARN_RANGE_LOOP_ANALYSIS = YES;
				CLANG_WARN_STRICT_PROTOTYPES = YES;
				CLANG_WARN_SUSPICIOUS_MOVE = YES;
				CLANG_WARN_UNGUARDED_AVAILABILITY = YES_AGGRESSIVE;
				CLANG_WARN_UNREACHABLE_CODE = YES;
				CLANG_WARN__DUPLICATE_METHOD_MATCH = YES;
				COPY_PHASE_STRIP = NO;
				DEBUG_INFORMATION_FORMAT = "dwarf-with-dsym";
				ENABLE_NS_ASSERTIONS = NO;
				ENABLE_STRICT_OBJC_MSGSEND = YES;
				ENABLE_USER_SCRIPT_SANDBOXING = YES;
				GCC_C_LANGUAGE_STANDARD = gnu17;
				GCC_NO_COMMON_BLOCKS = YES;
				GCC_WARN_64_TO_32_BIT_CONVERSION = YES;
				GCC_WARN_ABOUT_RETURN_TYPE = YES_ERROR;
				GCC_WARN_UNDECLARED_SELECTOR = YES;
				GCC_WARN_UNINITIALIZED_AUTOS = YES_AGGRESSIVE;
				GCC_WARN_UNUSED_FUNCTION = YES;
				GCC_WARN_UNUSED_VARIABLE = YES;
				LOCALIZATION_PREFERS_STRING_CATALOGS = YES;
				MACOSX_DEPLOYMENT_TARGET = 14.0;
				MTL_FAST_MATH = YES;
				SDKROOT = macosx;
				SWIFT_COMPILATION_MODE = wholemodule;
			};
			name = Release;
		};
		BCDEBUGTARGET /* Debug */ = {
			isa = XCBuildConfiguration;
			buildSettings = {
				ASSETCATALOG_COMPILER_APPICON_NAME = AppIcon;
				ASSETCATALOG_COMPILER_GLOBAL_ACCENT_COLOR_NAME = AccentColor;
				CODE_SIGN_ENTITLEMENTS = Frespr/Frespr.entitlements;
				CODE_SIGN_STYLE = Automatic;
				COMBINE_HIDPI_IMAGES = YES;
				CURRENT_PROJECT_VERSION = 1;
				ENABLE_HARDENED_RUNTIME = YES;
				GENERATE_INFOPLIST_FILE = NO;
				INFOPLIST_FILE = Frespr/Info.plist;
				LD_RUNPATH_SEARCH_PATHS = (
					"$(inherited)",
					"@executable_path/../Frameworks",
				);
				MACOSX_DEPLOYMENT_TARGET = 14.0;
				MARKETING_VERSION = 1.0;
				PRODUCT_BUNDLE_IDENTIFIER = com.frespr.app;
				PRODUCT_NAME = "$(TARGET_NAME)";
				SWIFT_EMIT_LOC_STRINGS = YES;
				SWIFT_VERSION = 6.0;
			};
			name = Debug;
		};
		BCRELEASETARGET /* Release */ = {
			isa = XCBuildConfiguration;
			buildSettings = {
				ASSETCATALOG_COMPILER_APPICON_NAME = AppIcon;
				ASSETCATALOG_COMPILER_GLOBAL_ACCENT_COLOR_NAME = AccentColor;
				CODE_SIGN_ENTITLEMENTS = Frespr/Frespr.entitlements;
				CODE_SIGN_STYLE = Automatic;
				COMBINE_HIDPI_IMAGES = YES;
				CURRENT_PROJECT_VERSION = 1;
				ENABLE_HARDENED_RUNTIME = YES;
				GENERATE_INFOPLIST_FILE = NO;
				INFOPLIST_FILE = Frespr/Info.plist;
				LD_RUNPATH_SEARCH_PATHS = (
					"$(inherited)",
					"@executable_path/../Frameworks",
				);
				MACOSX_DEPLOYMENT_TARGET = 14.0;
				MARKETING_VERSION = 1.0;
				PRODUCT_BUNDLE_IDENTIFIER = com.frespr.app;
				PRODUCT_NAME = "$(TARGET_NAME)";
				SWIFT_EMIT_LOC_STRINGS = YES;
				SWIFT_VERSION = 6.0;
			};
			name = Release;
		};
/* End XCBuildConfiguration section */

/* Begin XCConfigurationList section */
		BCLLISTPROJ /* Build configuration list for PBXProject "Frespr" */ = {
			isa = XCConfigurationList;
			buildConfigurations = (
				BCDEBUGPROJ /* Debug */,
				BCRELEASEPROJ /* Release */,
			);
			defaultConfigurationIsVisible = 0;
			defaultConfigurationName = Release;
		};
		BCLLIST /* Build configuration list for PBXNativeTarget "Frespr" */ = {
			isa = XCConfigurationList;
			buildConfigurations = (
				BCDEBUGTARGET /* Debug */,
				BCRELEASETARGET /* Release */,
			);
			defaultConfigurationIsVisible = 0;
			defaultConfigurationName = Release;
		};
/* End XCConfigurationList section */

	};
	rootObject = BPROJECT /* Project object */;
}
